
Microsoft Visual Studio Solution File, Format Version 12.00
# Visual Studio Version 16
VisualStudioVersion = 16.0.32126.315
MinimumVisualStudioVersion = 10.0.40219.1
Project("{FAE04EC0-301F-11D3-BF4B-00C04F79EFBC}") = "Chatbot", "Chatbot.csproj", "{B9B10D80-BD61-47C7-94B6-22AF68478393}"
EndProject
Global
	GlobalSection(SolutionConfigurationPlatforms) = preSolution
		Debug|Any CPU = Debug|Any CPU
		Release|Any CPU = Release|Any CPU
	EndGlobalSection
	GlobalSection(ProjectConfigurationPlatforms) = postSolution
		{B9B10D80-BD61-47C7-94B6-22AF68478393}.Debug|Any CPU.ActiveCfg = Debug|Any CPU
		{B9B10D80-BD61-47C7-94B6-22AF68478393}.Debug|Any CPU.Build.0 = Debug|Any CPU
		{B9B10D80-BD61-47C7-94B6-22AF68478393}.Release|Any CPU.ActiveCfg = Release|Any CPU
		{B9B10D80-BD61-47C7-94B6-22AF68478393}.Release|Any CPU.Build.0 = Release|Any CPU
	EndGlobalSection
	GlobalSection(SolutionProperties) = preSolution
		HideSolutionNode = FALSE
	EndGlobalSection
	GlobalSection(ExtensibilityGlobals) = postSolution
		SolutionGuid = {6D8DB68D-583D-4133-B6EE-95CBA4443F7D}
	EndGlobalSection
EndGlobal
